# This file is automatically @generated by Cargo.
# It is not intended for manual editing.
version = 4

[[package]]
name = "blockd-core"
version = "0.1.0"
dependencies = [
 "lz4_flex",
]

[[package]]
name = "blockd-fc-guest"
version = "0.1.0"
dependencies = [
 "libc",
]

[[package]]
name = "blockd-hostmem"
version = "0.1.0"
dependencies = [
 "libc",
]

[[package]]
name = "blockd-runtime"
version = "0.1.0"
dependencies = [
 "blockd-core",
 "blockd-hostmem",
]

[[package]]
name = "blockd-sim"
version = "0.1.0"
dependencies = [
 "blockd-core",
]

[[package]]
name = "libc"
version = "0.2.189"
source = "registry+https://github.com/rust-lang/crates.io-index"
checksum = "3eaf3ede3fee6db1a4c2ee091bf8a8b4dccdc6d17f656fb07896ee72867612f2"

[[package]]
name = "lz4_flex"
version = "0.14.0"
source = "registry+https://github.com/rust-lang/crates.io-index"
checksum = "ecbdfe44b1bd960b68170b417450a628c43f7cf56bb3c5317e61cb230ee7f226"
